
Microsoft Visual Studio Solution File, Format Version 12.00
# Visual Studio Version 17
VisualStudioVersion = 17.3.32929.385
MinimumVisualStudioVersion = 10.0.40219.1
Project("{9A19103F-16F7-4668-BE54-9A1E7A4F7556}") = "Client", "Client\Client\Client.csproj", "{2480D36C-0699-4A7E-BFA6-53B1E13B5AA5}"
EndProject
Project("{2150E333-8FDC-42A3-9474-1A3956D46DE8}") = "Server", "Server", "{D816A118-526E-49A3-9DBA-BD0EFC4E8C0D}"
EndProject
Project("{2150E333-8FDC-42A3-9474-1A3956D46DE8}") = "DAL", "DAL", "{2BA3C780-5CAD-4848-B440-90554725EAC5}"
EndProject
Project("{2150E333-8FDC-42A3-9474-1A3956D46DE8}") = "Core", "Core", "{E496C8CB-26FC-47A9-AAB6-A33ED8465756}"
EndProject
Project("{2150E333-8FDC-42A3-9474-1A3956D46DE8}") = "Presentation", "Presentation", "{BAA29CCC-1DC1-49B5-B5B6-9C7E2928DC64}"
EndProject
Project("{FAE04EC0-301F-11D3-BF4B-00C04F79EFBC}") = "TestTask.Domain", "Server\Core\TestTask.Domain\TestTask.Domain.csproj", "{CD17C976-4299-4A6B-97CD-CF1F47BA5CFA}"
EndProject
Project("{FAE04EC0-301F-11D3-BF4B-00C04F79EFBC}") = "TestTask.Aplication", "Server\Core\TestTask.Aplication\TestTask.Aplication.csproj", "{4D019447-7A66-4D4D-B8ED-D322EF407C52}"
EndProject
Project("{FAE04EC0-301F-11D3-BF4B-00C04F79EFBC}") = "TestTask.Persistance", "Server\DAL\TestTask.Persistance\TestTask.Persistance.csproj", "{D3F78647-45CC-419C-A5A8-FFCE14CFA8AD}"
EndProject
Global
	GlobalSection(SolutionConfigurationPlatforms) = preSolution
		Debug|Any CPU = Debug|Any CPU
		Release|Any CPU = Release|Any CPU
	EndGlobalSection
	GlobalSection(ProjectConfigurationPlatforms) = postSolution
		{2480D36C-0699-4A7E-BFA6-53B1E13B5AA5}.Debug|Any CPU.ActiveCfg = Debug|Any CPU
		{2480D36C-0699-4A7E-BFA6-53B1E13B5AA5}.Debug|Any CPU.Build.0 = Debug|Any CPU
		{2480D36C-0699-4A7E-BFA6-53B1E13B5AA5}.Release|Any CPU.ActiveCfg = Release|Any CPU
		{2480D36C-0699-4A7E-BFA6-53B1E13B5AA5}.Release|Any CPU.Build.0 = Release|Any CPU
		{CD17C976-4299-4A6B-97CD-CF1F47BA5CFA}.Debug|Any CPU.ActiveCfg = Debug|Any CPU
		{CD17C976-4299-4A6B-97CD-CF1F47BA5CFA}.Debug|Any CPU.Build.0 = Debug|Any CPU
		{CD17C976-4299-4A6B-97CD-CF1F47BA5CFA}.Release|Any CPU.ActiveCfg = Release|Any CPU
		{CD17C976-4299-4A6B-97CD-CF1F47BA5CFA}.Release|Any CPU.Build.0 = Release|Any CPU
		{4D019447-7A66-4D4D-B8ED-D322EF407C52}.Debug|Any CPU.ActiveCfg = Debug|Any CPU
		{4D019447-7A66-4D4D-B8ED-D322EF407C52}.Debug|Any CPU.Build.0 = Debug|Any CPU
		{4D019447-7A66-4D4D-B8ED-D322EF407C52}.Release|Any CPU.ActiveCfg = Release|Any CPU
		{4D019447-7A66-4D4D-B8ED-D322EF407C52}.Release|Any CPU.Build.0 = Release|Any CPU
		{D3F78647-45CC-419C-A5A8-FFCE14CFA8AD}.Debug|Any CPU.ActiveCfg = Debug|Any CPU
		{D3F78647-45CC-419C-A5A8-FFCE14CFA8AD}.Debug|Any CPU.Build.0 = Debug|Any CPU
		{D3F78647-45CC-419C-A5A8-FFCE14CFA8AD}.Release|Any CPU.ActiveCfg = Release|Any CPU
		{D3F78647-45CC-419C-A5A8-FFCE14CFA8AD}.Release|Any CPU.Build.0 = Release|Any CPU
	EndGlobalSection
	GlobalSection(SolutionProperties) = preSolution
		HideSolutionNode = FALSE
	EndGlobalSection
	GlobalSection(NestedProjects) = preSolution
		{2BA3C780-5CAD-4848-B440-90554725EAC5} = {D816A118-526E-49A3-9DBA-BD0EFC4E8C0D}
		{E496C8CB-26FC-47A9-AAB6-A33ED8465756} = {D816A118-526E-49A3-9DBA-BD0EFC4E8C0D}
		{BAA29CCC-1DC1-49B5-B5B6-9C7E2928DC64} = {D816A118-526E-49A3-9DBA-BD0EFC4E8C0D}
		{CD17C976-4299-4A6B-97CD-CF1F47BA5CFA} = {E496C8CB-26FC-47A9-AAB6-A33ED8465756}
		{4D019447-7A66-4D4D-B8ED-D322EF407C52} = {E496C8CB-26FC-47A9-AAB6-A33ED8465756}
		{D3F78647-45CC-419C-A5A8-FFCE14CFA8AD} = {2BA3C780-5CAD-4848-B440-90554725EAC5}
	EndGlobalSection
	GlobalSection(ExtensibilityGlobals) = postSolution
		SolutionGuid = {F05C89E1-A467-4AD9-A27B-67CC90B2CF00}
	EndGlobalSection
EndGlobal
